
Microsoft Visual Studio Solution File, Format Version 12.00
# Visual Studio Version 17
VisualStudioVersion = 17.10.35004.147
MinimumVisualStudioVersion = 10.0.40219.1
Project("{9A19103F-16F7-4668-BE54-9A1E7A4F7556}") = "GeniyIdiotConsoleApp", "GeniyIdiot\GeniyIdiotConsoleApp.csproj", "{F8794889-CFF6-4C6F-98E2-977AB11E0089}"
EndProject
Project("{FAE04EC0-301F-11D3-BF4B-00C04F79EFBC}") = "GeniyIdiotWinFormsApp", "GeniyIdiotWinFormsApp\GeniyIdiotWinFormsApp.csproj", "{4725286B-8BB3-40EF-9E78-11914859E6F3}"
EndProject
Project("{FAE04EC0-301F-11D3-BF4B-00C04F79EFBC}") = "GeniyIdiot.Common", "GeniyIdiot.Common\GeniyIdiot.Common.csproj", "{EA2B1A90-2885-41EB-81D9-C5AEF8AE4F44}"
EndProject
Global
	GlobalSection(SolutionConfigurationPlatforms) = preSolution
		Debug|Any CPU = Debug|Any CPU
		Release|Any CPU = Release|Any CPU
	EndGlobalSection
	GlobalSection(ProjectConfigurationPlatforms) = postSolution
		{F8794889-CFF6-4C6F-98E2-977AB11E0089}.Debug|Any CPU.ActiveCfg = Debug|Any CPU
		{F8794889-CFF6-4C6F-98E2-977AB11E0089}.Debug|Any CPU.Build.0 = Debug|Any CPU
		{F8794889-CFF6-4C6F-98E2-977AB11E0089}.Release|Any CPU.ActiveCfg = Release|Any CPU
		{F8794889-CFF6-4C6F-98E2-977AB11E0089}.Release|Any CPU.Build.0 = Release|Any CPU
		{4725286B-8BB3-40EF-9E78-11914859E6F3}.Debug|Any CPU.ActiveCfg = Debug|Any CPU
		{4725286B-8BB3-40EF-9E78-11914859E6F3}.Debug|Any CPU.Build.0 = Debug|Any CPU
		{4725286B-8BB3-40EF-9E78-11914859E6F3}.Release|Any CPU.ActiveCfg = Release|Any CPU
		{4725286B-8BB3-40EF-9E78-11914859E6F3}.Release|Any CPU.Build.0 = Release|Any CPU
		{EA2B1A90-2885-41EB-81D9-C5AEF8AE4F44}.Debug|Any CPU.ActiveCfg = Debug|Any CPU
		{EA2B1A90-2885-41EB-81D9-C5AEF8AE4F44}.Debug|Any CPU.Build.0 = Debug|Any CPU
		{EA2B1A90-2885-41EB-81D9-C5AEF8AE4F44}.Release|Any CPU.ActiveCfg = Release|Any CPU
		{EA2B1A90-2885-41EB-81D9-C5AEF8AE4F44}.Release|Any CPU.Build.0 = Release|Any CPU
	EndGlobalSection
	GlobalSection(SolutionProperties) = preSolution
		HideSolutionNode = FALSE
	EndGlobalSection
	GlobalSection(ExtensibilityGlobals) = postSolution
		SolutionGuid = {97875F28-1C52-42A6-8299-13EA79BDFD63}
	EndGlobalSection
EndGlobal
